
Microsoft Visual Studio Solution File, Format Version 12.00
# Visual Studio 15
VisualStudioVersion = 15.0.28307.136
MinimumVisualStudioVersion = 10.0.40219.1
Project("{9A19103F-16F7-4668-BE54-9A1E7A4F7556}") = "ProjectManager.PL", "ProjectManager.PL\ProjectManager.PL.csproj", "{7932DB30-7CA7-4F1A-8B24-EBAE6F9663FF}"
EndProject
Project("{FAE04EC0-301F-11D3-BF4B-00C04F79EFBC}") = "ProjectManager.DAL", "ProjectManager.DAL\ProjectManager.DAL.csproj", "{D019B9F2-7EF0-40B5-8096-7149289C2656}"
EndProject
Project("{FAE04EC0-301F-11D3-BF4B-00C04F79EFBC}") = "ProjectManager.Services", "ProjectManager.Services\ProjectManager.Services.csproj", "{F6A72F4D-0719-4F48-8943-C0C88870FD2F}"
EndProject
Project("{FAE04EC0-301F-11D3-BF4B-00C04F79EFBC}") = "ProjectManager.BusinessEntities", "ProjectManager.BusinessEntities\ProjectManager.BusinessEntities.csproj", "{494FE73E-B46B-4C67-BBBF-D7F79E5DA573}"
EndProject
Project("{FAE04EC0-301F-11D3-BF4B-00C04F79EFBC}") = "ProjectManager.BL", "ProjectManager.BL\ProjectManager.BL.csproj", "{9E3AAAD5-7F47-442A-8BF0-5EA01B98D930}"
EndProject
Global
	GlobalSection(SolutionConfigurationPlatforms) = preSolution
		Debug|Any CPU = Debug|Any CPU
		Release|Any CPU = Release|Any CPU
	EndGlobalSection
	GlobalSection(ProjectConfigurationPlatforms) = postSolution
		{7932DB30-7CA7-4F1A-8B24-EBAE6F9663FF}.Debug|Any CPU.ActiveCfg = Debug|Any CPU
		{7932DB30-7CA7-4F1A-8B24-EBAE6F9663FF}.Debug|Any CPU.Build.0 = Debug|Any CPU
		{7932DB30-7CA7-4F1A-8B24-EBAE6F9663FF}.Release|Any CPU.ActiveCfg = Release|Any CPU
		{7932DB30-7CA7-4F1A-8B24-EBAE6F9663FF}.Release|Any CPU.Build.0 = Release|Any CPU
		{D019B9F2-7EF0-40B5-8096-7149289C2656}.Debug|Any CPU.ActiveCfg = Debug|Any CPU
		{D019B9F2-7EF0-40B5-8096-7149289C2656}.Debug|Any CPU.Build.0 = Debug|Any CPU
		{D019B9F2-7EF0-40B5-8096-7149289C2656}.Release|Any CPU.ActiveCfg = Release|Any CPU
		{D019B9F2-7EF0-40B5-8096-7149289C2656}.Release|Any CPU.Build.0 = Release|Any CPU
		{F6A72F4D-0719-4F48-8943-C0C88870FD2F}.Debug|Any CPU.ActiveCfg = Debug|Any CPU
		{F6A72F4D-0719-4F48-8943-C0C88870FD2F}.Debug|Any CPU.Build.0 = Debug|Any CPU
		{F6A72F4D-0719-4F48-8943-C0C88870FD2F}.Release|Any CPU.ActiveCfg = Release|Any CPU
		{F6A72F4D-0719-4F48-8943-C0C88870FD2F}.Release|Any CPU.Build.0 = Release|Any CPU
		{494FE73E-B46B-4C67-BBBF-D7F79E5DA573}.Debug|Any CPU.ActiveCfg = Debug|Any CPU
		{494FE73E-B46B-4C67-BBBF-D7F79E5DA573}.Debug|Any CPU.Build.0 = Debug|Any CPU
		{494FE73E-B46B-4C67-BBBF-D7F79E5DA573}.Release|Any CPU.ActiveCfg = Release|Any CPU
		{494FE73E-B46B-4C67-BBBF-D7F79E5DA573}.Release|Any CPU.Build.0 = Release|Any CPU
		{9E3AAAD5-7F47-442A-8BF0-5EA01B98D930}.Debug|Any CPU.ActiveCfg = Debug|Any CPU
		{9E3AAAD5-7F47-442A-8BF0-5EA01B98D930}.Debug|Any CPU.Build.0 = Debug|Any CPU
		{9E3AAAD5-7F47-442A-8BF0-5EA01B98D930}.Release|Any CPU.ActiveCfg = Release|Any CPU
		{9E3AAAD5-7F47-442A-8BF0-5EA01B98D930}.Release|Any CPU.Build.0 = Release|Any CPU
	EndGlobalSection
	GlobalSection(SolutionProperties) = preSolution
		HideSolutionNode = FALSE
	EndGlobalSection
	GlobalSection(ExtensibilityGlobals) = postSolution
		SolutionGuid = {36B2C79C-4D24-4D95-AA77-BBDD5E8A4F24}
	EndGlobalSection
EndGlobal
